Microsoft Visual Studio Solution File, Format Version 12.00
# Visual Studio Version 16
VisualStudioVersion = 16.0.30503.244
MinimumVisualStudioVersion = 10.0.40219.1
Project("{8BC9CEB8-8B4A-11D0-8D11-00A0C91BC942}") = "exampleDDPClient", "exampleDDPClient.vcxproj", "{EA33A711-F81F-4907-9F92-3EB1805F0B34}"
	ProjectSection(ProjectDependencies) = postProject
		{C8F0F82B-20D7-4308-ABBF-D91547391F13} = {C8F0F82B-20D7-4308-ABBF-D91547391F13}
		{92B5BE70-DCAA-40E4-92D8-CC2B95AA28BE} = {92B5BE70-DCAA-40E4-92D8-CC2B95AA28BE}
	EndProjectSection
EndProject
Project("{8BC9CEB8-8B4A-11D0-8D11-00A0C91BC942}") = "cinder", "..\..\..\..\cinder\proj\vc2019\cinder.vcxproj", "{92B5BE70-DCAA-40E4-92D8-CC2B95AA28BE}"
EndProject
Project("{8BC9CEB8-8B4A-11D0-8D11-00A0C91BC942}") = "sitara-websockets", "..\..\..\proj\sitara-websockets.vcxproj", "{C8F0F82B-20D7-4308-ABBF-D91547391F13}"
	ProjectSection(ProjectDependencies) = postProject
		{92B5BE70-DCAA-40E4-92D8-CC2B95AA28BE} = {92B5BE70-DCAA-40E4-92D8-CC2B95AA28BE}
	EndProjectSection
EndProject
Global
	GlobalSection(SolutionConfigurationPlatforms) = preSolution
		Debug_ANGLE|x64 = Debug_ANGLE|x64
		Debug_ANGLE|x86 = Debug_ANGLE|x86
		Debug_Shared|x64 = Debug_Shared|x64
		Debug_Shared|x86 = Debug_Shared|x86
		Debug|x64 = Debug|x64
		Debug|x86 = Debug|x86
		Release_ANGLE|x64 = Release_ANGLE|x64
		Release_ANGLE|x86 = Release_ANGLE|x86
		Release_Shared|x64 = Release_Shared|x64
		Release_Shared|x86 = Release_Shared|x86
		Release|x64 = Release|x64
		Release|x86 = Release|x86
	EndGlobalSection
	GlobalSection(ProjectConfigurationPlatforms) = postSolution
		{EA33A711-F81F-4907-9F92-3EB1805F0B34}.Debug_ANGLE|x64.ActiveCfg = Debug|x64
		{EA33A711-F81F-4907-9F92-3EB1805F0B34}.Debug_ANGLE|x64.Build.0 = Debug|x64
		{EA33A711-F81F-4907-9F92-3EB1805F0B34}.Debug_ANGLE|x86.ActiveCfg = Release|x64
		{EA33A711-F81F-4907-9F92-3EB1805F0B34}.Debug_ANGLE|x86.Build.0 = Release|x64
		{EA33A711-F81F-4907-9F92-3EB1805F0B34}.Debug_Shared|x64.ActiveCfg = Debug|x64
		{EA33A711-F81F-4907-9F92-3EB1805F0B34}.Debug_Shared|x64.Build.0 = Debug|x64
		{EA33A711-F81F-4907-9F92-3EB1805F0B34}.Debug_Shared|x86.ActiveCfg = Release|x64
		{EA33A711-F81F-4907-9F92-3EB1805F0B34}.Debug_Shared|x86.Build.0 = Release|x64
		{EA33A711-F81F-4907-9F92-3EB1805F0B34}.Debug|x64.ActiveCfg = Debug|x64
		{EA33A711-F81F-4907-9F92-3EB1805F0B34}.Debug|x64.Build.0 = Debug|x64
		{EA33A711-F81F-4907-9F92-3EB1805F0B34}.Debug|x86.ActiveCfg = Debug|x64
		{EA33A711-F81F-4907-9F92-3EB1805F0B34}.Release_ANGLE|x64.ActiveCfg = Release|x64
		{EA33A711-F81F-4907-9F92-3EB1805F0B34}.Release_ANGLE|x64.Build.0 = Release|x64
		{EA33A711-F81F-4907-9F92-3EB1805F0B34}.Release_ANGLE|x86.ActiveCfg = Release|x64
		{EA33A711-F81F-4907-9F92-3EB1805F0B34}.Release_ANGLE|x86.Build.0 = Release|x64
		{EA33A711-F81F-4907-9F92-3EB1805F0B34}.Release_Shared|x64.ActiveCfg = Release|x64
		{EA33A711-F81F-4907-9F92-3EB1805F0B34}.Release_Shared|x64.Build.0 = Release|x64
		{EA33A711-F81F-4907-9F92-3EB1805F0B34}.Release_Shared|x86.ActiveCfg = Release|x64
		{EA33A711-F81F-4907-9F92-3EB1805F0B34}.Release_Shared|x86.Build.0 = Release|x64
		{EA33A711-F81F-4907-9F92-3EB1805F0B34}.Release|x64.ActiveCfg = Release|x64
		{EA33A711-F81F-4907-9F92-3EB1805F0B34}.Release|x64.Build.0 = Release|x64
		{EA33A711-F81F-4907-9F92-3EB1805F0B34}.Release|x86.ActiveCfg = Release|x64
		{92B5BE70-DCAA-40E4-92D8-CC2B95AA28BE}.Debug_ANGLE|x64.ActiveCfg = Debug_ANGLE|x64
		{92B5BE70-DCAA-40E4-92D8-CC2B95AA28BE}.Debug_ANGLE|x64.Build.0 = Debug_ANGLE|x64
		{92B5BE70-DCAA-40E4-92D8-CC2B95AA28BE}.Debug_ANGLE|x86.ActiveCfg = Debug_ANGLE|Win32
		{92B5BE70-DCAA-40E4-92D8-CC2B95AA28BE}.Debug_ANGLE|x86.Build.0 = Debug_ANGLE|Win32
		{92B5BE70-DCAA-40E4-92D8-CC2B95AA28BE}.Debug_Shared|x64.ActiveCfg = Debug_Shared|x64
		{92B5BE70-DCAA-40E4-92D8-CC2B95AA28BE}.Debug_Shared|x64.Build.0 = Debug_Shared|x64
		{92B5BE70-DCAA-40E4-92D8-CC2B95AA28BE}.Debug_Shared|x86.ActiveCfg = Debug_Shared|Win32
		{92B5BE70-DCAA-40E4-92D8-CC2B95AA28BE}.Debug_Shared|x86.Build.0 = Debug_Shared|Win32
		{92B5BE70-DCAA-40E4-92D8-CC2B95AA28BE}.Debug|x64.ActiveCfg = Debug|x64
		{92B5BE70-DCAA-40E4-92D8-CC2B95AA28BE}.Debug|x64.Build.0 = Debug|x64
		{92B5BE70-DCAA-40E4-92D8-CC2B95AA28BE}.Debug|x86.ActiveCfg = Debug|Win32
		{92B5BE70-DCAA-40E4-92D8-CC2B95AA28BE}.Debug|x86.Build.0 = Debug|Win32
		{92B5BE70-DCAA-40E4-92D8-CC2B95AA28BE}.Release_ANGLE|x64.ActiveCfg = Release_ANGLE|x64
		{92B5BE70-DCAA-40E4-92D8-CC2B95AA28BE}.Release_ANGLE|x64.Build.0 = Release_ANGLE|x64
		{92B5BE70-DCAA-40E4-92D8-CC2B95AA28BE}.Release_ANGLE|x86.ActiveCfg = Release_ANGLE|Win32
		{92B5BE70-DCAA-40E4-92D8-CC2B95AA28BE}.Release_ANGLE|x86.Build.0 = Release_ANGLE|Win32
		{92B5BE70-DCAA-40E4-92D8-CC2B95AA28BE}.Release_Shared|x64.ActiveCfg = Release_Shared|x64
		{92B5BE70-DCAA-40E4-92D8-CC2B95AA28BE}.Release_Shared|x64.Build.0 = Release_Shared|x64
		{92B5BE70-DCAA-40E4-92D8-CC2B95AA28BE}.Release_Shared|x86.ActiveCfg = Release_Shared|Win32
		{92B5BE70-DCAA-40E4-92D8-CC2B95AA28BE}.Release_Shared|x86.Build.0 = Release_Shared|Win32
		{92B5BE70-DCAA-40E4-92D8-CC2B95AA28BE}.Release|x64.ActiveCfg = Release|x64
		{92B5BE70-DCAA-40E4-92D8-CC2B95AA28BE}.Release|x64.Build.0 = Release|x64
		{92B5BE70-DCAA-40E4-92D8-CC2B95AA28BE}.Release|x86.ActiveCfg = Release|Win32
		{92B5BE70-DCAA-40E4-92D8-CC2B95AA28BE}.Release|x86.Build.0 = Release|Win32
		{C8F0F82B-20D7-4308-ABBF-D91547391F13}.Debug_ANGLE|x64.ActiveCfg = Debug|x64
		{C8F0F82B-20D7-4308-ABBF-D91547391F13}.Debug_ANGLE|x64.Build.0 = Debug|x64
		{C8F0F82B-20D7-4308-ABBF-D91547391F13}.Debug_ANGLE|x86.ActiveCfg = Debug|Win32
		{C8F0F82B-20D7-4308-ABBF-D91547391F13}.Debug_ANGLE|x86.Build.0 = Debug|Win32
		{C8F0F82B-20D7-4308-ABBF-D91547391F13}.Debug_Shared|x64.ActiveCfg = Debug|x64
		{C8F0F82B-20D7-4308-ABBF-D91547391F13}.Debug_Shared|x64.Build.0 = Debug|x64
		{C8F0F82B-20D7-4308-ABBF-D91547391F13}.Debug_Shared|x86.ActiveCfg = Debug|Win32
		{C8F0F82B-20D7-4308-ABBF-D91547391F13}.Debug_Shared|x86.Build.0 = Debug|Win32
		{C8F0F82B-20D7-4308-ABBF-D91547391F13}.Debug|x64.ActiveCfg = Debug|x64
		{C8F0F82B-20D7-4308-ABBF-D91547391F13}.Debug|x64.Build.0 = Debug|x64
		{C8F0F82B-20D7-4308-ABBF-D91547391F13}.Debug|x86.ActiveCfg = Debug|Win32
		{C8F0F82B-20D7-4308-ABBF-D91547391F13}.Debug|x86.Build.0 = Debug|Win32
		{C8F0F82B-20D7-4308-ABBF-D91547391F13}.Release_ANGLE|x64.ActiveCfg = Release|x64
		{C8F0F82B-20D7-4308-ABBF-D91547391F13}.Release_ANGLE|x64.Build.0 = Release|x64
		{C8F0F82B-20D7-4308-ABBF-D91547391F13}.Release_ANGLE|x86.ActiveCfg = Release|Win32
		{C8F0F82B-20D7-4308-ABBF-D91547391F13}.Release_ANGLE|x86.Build.0 = Release|Win32
		{C8F0F82B-20D7-4308-ABBF-D91547391F13}.Release_Shared|x64.ActiveCfg = Release|x64
		{C8F0F82B-20D7-4308-ABBF-D91547391F13}.Release_Shared|x64.Build.0 = Release|x64
		{C8F0F82B-20D7-4308-ABBF-D91547391F13}.Release_Shared|x86.ActiveCfg = Release|Win32
		{C8F0F82B-20D7-4308-ABBF-D91547391F13}.Release_Shared|x86.Build.0 = Release|Win32
		{C8F0F82B-20D7-4308-ABBF-D91547391F13}.Release|x64.ActiveCfg = Release|x64
		{C8F0F82B-20D7-4308-ABBF-D91547391F13}.Release|x64.Build.0 = Release|x64
		{C8F0F82B-20D7-4308-ABBF-D91547391F13}.Release|x86.ActiveCfg = Release|Win32
		{C8F0F82B-20D7-4308-ABBF-D91547391F13}.Release|x86.Build.0 = Release|Win32
	EndGlobalSection
	GlobalSection(SolutionProperties) = preSolution
		HideSolutionNode = FALSE
	EndGlobalSection
	GlobalSection(ExtensibilityGlobals) = postSolution
		SolutionGuid = {7E8AFA74-D7D2-439F-B57C-CC4782FBC8BA}
	EndGlobalSection
EndGlobal
